// !$*UTF8*$!
{
	archiveVersion = 1;
	classes = {
	};
	objectVersion = 48;
	objects = {

/* Begin PBXBuildFile section */
		0C0129841FC493B500186B8C /* RecordingViewController.swift in Sources */ = {isa = PBXBuildFile; fileRef = 0C0129831FC493B500186B8C /* RecordingViewController.swift */; };
		0C0129861FC4962F00186B8C /* SeconViewController.swift in Sources */ = {isa = PBXBuildFile; fileRef = 0C0129851FC4962F00186B8C /* SeconViewController.swift */; };
		0C0129881FC4968F00186B8C /* TypingViewController.swift in Sources */ = {isa = PBXBuildFile; fileRef = 0C0129871FC4968F00186B8C /* TypingViewController.swift */; };
		0C5899451FB5747A00B5FEC7 /* AppDelegate.swift in Sources */ = {isa = PBXBuildFile; fileRef = 0C5899441FB5747A00B5FEC7 /* AppDelegate.swift */; };
		0C5899471FB5747A00B5FEC7 /* ViewController.swift in Sources */ = {isa = PBXBuildFile; fileRef = 0C5899461FB5747A00B5FEC7 /* ViewController.swift */; };
		0C58994A1FB5747A00B5FEC7 /* Main.storyboard in Resources */ = {isa = PBXBuildFile; fileRef = 0C5899481FB5747A00B5FEC7 /* Main.storyboard */; };
		0C58994C1FB5747A00B5FEC7 /* Assets.xcassets in Resources */ = {isa = PBXBuildFile; fileRef = 0C58994B1FB5747A00B5FEC7 /* Assets.xcassets */; };
		0C58994F1FB5747A00B5FEC7 /* LaunchScreen.storyboard in Resources */ = {isa = PBXBuildFile; fileRef = 0C58994D1FB5747A00B5FEC7 /* LaunchScreen.storyboard */; };
		0C5AB4B62047585D0014AA8E /* AboutUsViewController.swift in Sources */ = {isa = PBXBuildFile; fileRef = 0C5AB4B52047585D0014AA8E /* AboutUsViewController.swift */; };
		0C6E09C8206EB8CF0086A68A /* EFAutoScrollLabel.framework in Frameworks */ = {isa = PBXBuildFile; fileRef = 0C6E09C9206EB8CF0086A68A /* EFAutoScrollLabel.framework */; };
		0C6E09CA206EB92F0086A68A /* Pods_NYU_Voice.framework in Frameworks */ = {isa = PBXBuildFile; fileRef = 0C6E09CB206EB92F0086A68A /* Pods_NYU_Voice.framework */; };
		0CBA76321FCE0CE200CAF2E7 /* TextShowViewController.swift in Sources */ = {isa = PBXBuildFile; fileRef = 0CBA76311FCE0CE200CAF2E7 /* TextShowViewController.swift */; };
		0CBA76361FCF3ADA00CAF2E7 /* TableViewCell.swift in Sources */ = {isa = PBXBuildFile; fileRef = 0CBA76341FCF3ADA00CAF2E7 /* TableViewCell.swift */; };
		0CBA76371FCF3ADA00CAF2E7 /* TableViewCell.xib in Resources */ = {isa = PBXBuildFile; fileRef = 0CBA76351FCF3ADA00CAF2E7 /* TableViewCell.xib */; };
/* End PBXBuildFile section */

/* Begin PBXFileReference section */
		0AC40E1DDD67E3F88F869B04 /* Pods-NYU-Voice.debug.xcconfig */ = {isa = PBXFileReference; includeInIndex = 1; lastKnownFileType = text.xcconfig; name = "Pods-NYU-Voice.debug.xcconfig"; path = "Pods/Target Support Files/Pods-NYU-Voice/Pods-NYU-Voice.debug.xcconfig"; sourceTree = "<group>"; };
		0C0129831FC493B500186B8C /* RecordingViewController.swift */ = {isa = PBXFileReference; lastKnownFileType = sourcecode.swift; path = RecordingViewController.swift; sourceTree = "<group>"; };
		0C0129851FC4962F00186B8C /* SeconViewController.swift */ = {isa = PBXFileReference; lastKnownFileType = sourcecode.swift; path = SeconViewController.swift; sourceTree = "<group>"; };
		0C0129871FC4968F00186B8C /* TypingViewController.swift */ = {isa = PBXFileReference; lastKnownFileType = sourcecode.swift; path = TypingViewController.swift; sourceTree = "<group>"; };
		0C5899411FB5747A00B5FEC7 /* NYU-Voice.app */ = {isa = PBXFileReference; explicitFileType = wrapper.application; includeInIndex = 0; path = "NYU-Voice.app"; sourceTree = BUILT_PRODUCTS_DIR; };
		0C5899441FB5747A00B5FEC7 /* AppDelegate.swift */ = {isa = PBXFileReference; lastKnownFileType = sourcecode.swift; path = AppDelegate.swift; sourceTree = "<group>"; };
		0C5899461FB5747A00B5FEC7 /* ViewController.swift */ = {isa = PBXFileReference; lastKnownFileType = sourcecode.swift; path = ViewController.swift; sourceTree = "<group>"; };
		0C5899491FB5747A00B5FEC7 /* Base */ = {isa = PBXFileReference; lastKnownFileType = file.storyboard; name = Base; path = Base.lproj/Main.storyboard; sourceTree = "<group>"; };
		0C58994B1FB5747A00B5FEC7 /* Assets.xcassets */ = {isa = PBXFileReference; lastKnownFileType = folder.assetcatalog; path = Assets.xcassets; sourceTree = "<group>"; };
		0C58994E1FB5747A00B5FEC7 /* Base */ = {isa = PBXFileReference; lastKnownFileType = file.storyboard; name = Base; path = Base.lproj/LaunchScreen.storyboard; sourceTree = "<group>"; };
		0C5899501FB5747A00B5FEC7 /* Info.plist */ = {isa = PBXFileReference; lastKnownFileType = text.plist.xml; path = Info.plist; sourceTree = "<group>"; };
		0C5AB4B52047585D0014AA8E /* AboutUsViewController.swift */ = {isa = PBXFileReference; lastKnownFileType = sourcecode.swift; path = AboutUsViewController.swift; sourceTree = "<group>"; };
		0C6E09C7206EB8C40086A68A /* EFAutoScrollLabel.framework */ = {isa = PBXFileReference; explicitFileType = wrapper.framework; path = EFAutoScrollLabel.framework; sourceTree = BUILT_PRODUCTS_DIR; };
		0C6E09C9206EB8CF0086A68A /* EFAutoScrollLabel.framework */ = {isa = PBXFileReference; explicitFileType = wrapper.framework; path = EFAutoScrollLabel.framework; sourceTree = BUILT_PRODUCTS_DIR; };
		0C6E09CB206EB92F0086A68A /* Pods_NYU_Voice.framework */ = {isa = PBXFileReference; explicitFileType = wrapper.framework; path = Pods_NYU_Voice.framework; sourceTree = BUILT_PRODUCTS_DIR; };
		0C953A46200966F8006A1835 /* EFAutoScrollLabel.framework */ = {isa = PBXFileReference; explicitFileType = wrapper.framework; path = EFAutoScrollLabel.framework; sourceTree = BUILT_PRODUCTS_DIR; };
		0CBA76311FCE0CE200CAF2E7 /* TextShowViewController.swift */ = {isa = PBXFileReference; lastKnownFileType = sourcecode.swift; path = TextShowViewController.swift; sourceTree = "<group>"; };
		0CBA76341FCF3ADA00CAF2E7 /* TableViewCell.swift */ = {isa = PBXFileReference; lastKnownFileType = sourcecode.swift; path = TableViewCell.swift; sourceTree = "<group>"; };
		0CBA76351FCF3ADA00CAF2E7 /* TableViewCell.xib */ = {isa = PBXFileReference; lastKnownFileType = file.xib; path = TableViewCell.xib; sourceTree = "<group>"; };
		1CFE310AE51B29098036EFD1 /* Pods_NYU_Voice.framework */ = {isa = PBXFileReference; explicitFileType = wrapper.framework; includeInIndex = 0; path = Pods_NYU_Voice.framework; sourceTree = BUILT_PRODUCTS_DIR; };
		AC906857BFADE11BA2EFEB0F /* Pods-NYU-Voice.release.xcconfig */ = {isa = PBXFileReference; includeInIndex = 1; lastKnownFileType = text.xcconfig; name = "Pods-NYU-Voice.release.xcconfig"; path = "Pods/Target Support Files/Pods-NYU-Voice/Pods-NYU-Voice.release.xcconfig"; sourceTree = "<group>"; };
/* End PBXFileReference section */

/* Begin PBXFrameworksBuildPhase section */
		0C58993E1FB5747A00B5FEC7 /* Frameworks */ = {
			isa = PBXFrameworksBuildPhase;
			buildActionMask = 2147483647;
			files = (
				0C6E09CA206EB92F0086A68A /* Pods_NYU_Voice.framework in Frameworks */,
				0C6E09C8206EB8CF0086A68A /* EFAutoScrollLabel.framework in Frameworks */,
			);
			runOnlyForDeploymentPostprocessing = 0;
		};
/* End PBXFrameworksBuildPhase section */

/* Begin PBXGroup section */
		0C01297D1FC490F200186B8C /* Views */ = {
			isa = PBXGroup;
			children = (
				0C5899481FB5747A00B5FEC7 /* Main.storyboard */,
				0C58994D1FB5747A00B5FEC7 /* LaunchScreen.storyboard */,
			);
			path = Views;
			sourceTree = "<group>";
		};
		0C01297E1FC4910800186B8C /* Controller */ = {
			isa = PBXGroup;
			children = (
				0C5AB4A4203D27C30014AA8E /* Resume */,
				0CBA76331FCF3AB000CAF2E7 /* TableViewCell */,
				0C5899441FB5747A00B5FEC7 /* AppDelegate.swift */,
				0C5899461FB5747A00B5FEC7 /* ViewController.swift */,
				0C0129831FC493B500186B8C /* RecordingViewController.swift */,
				0C0129871FC4968F00186B8C /* TypingViewController.swift */,
				0CBA76311FCE0CE200CAF2E7 /* TextShowViewController.swift */,
				0C5AB4B52047585D0014AA8E /* AboutUsViewController.swift */,
			);
			path = Controller;
			sourceTree = "<group>";
		};
		0C5899381FB5747A00B5FEC7 = {
			isa = PBXGroup;
			children = (
				0C5899431FB5747A00B5FEC7 /* NYU-Voice */,
				0C5899421FB5747A00B5FEC7 /* Products */,
				C0FA62ECF5F87DD0D9C0D07E /* Pods */,
				9BEEB6412B63CF160F84014F /* Frameworks */,
			);
			sourceTree = "<group>";
		};
		0C5899421FB5747A00B5FEC7 /* Products */ = {
			isa = PBXGroup;
			children = (
				0C5899411FB5747A00B5FEC7 /* NYU-Voice.app */,
			);
			name = Products;
			sourceTree = "<group>";
		};
		0C5899431FB5747A00B5FEC7 /* NYU-Voice */ = {
			isa = PBXGroup;
			children = (
				0C01297E1FC4910800186B8C /* Controller */,
				0C01297D1FC490F200186B8C /* Views */,
				0C58994B1FB5747A00B5FEC7 /* Assets.xcassets */,
				0C5899501FB5747A00B5FEC7 /* Info.plist */,
				0C0129851FC4962F00186B8C /* SeconViewController.swift */,
			);
			path = "NYU-Voice";
			sourceTree = "<group>";
		};
		0C5AB4A4203D27C30014AA8E /* Resume */ = {
			isa = PBXGroup;
			children = (
			);
			path = Resume;
			sourceTree = "<group>";
		};
		0CBA76331FCF3AB000CAF2E7 /* TableViewCell */ = {
			isa = PBXGroup;
			children = (
				0CBA76341FCF3ADA00CAF2E7 /* TableViewCell.swift */,
				0CBA76351FCF3ADA00CAF2E7 /* TableViewCell.xib */,
			);
			path = TableViewCell;
			sourceTree = "<group>";
		};
		9BEEB6412B63CF160F84014F /* Frameworks */ = {
			isa = PBXGroup;
			children = (
				0C6E09CB206EB92F0086A68A /* Pods_NYU_Voice.framework */,
				0C6E09C9206EB8CF0086A68A /* EFAutoScrollLabel.framework */,
				0C6E09C7206EB8C40086A68A /* EFAutoScrollLabel.framework */,
				0C953A46200966F8006A1835 /* EFAutoScrollLabel.framework */,
				1CFE310AE51B29098036EFD1 /* Pods_NYU_Voice.framework */,
			);
			name = Frameworks;
			sourceTree = "<group>";
		};
		C0FA62ECF5F87DD0D9C0D07E /* Pods */ = {
			isa = PBXGroup;
			children = (
				0AC40E1DDD67E3F88F869B04 /* Pods-NYU-Voice.debug.xcconfig */,
				AC906857BFADE11BA2EFEB0F /* Pods-NYU-Voice.release.xcconfig */,
			);
			name = Pods;
			sourceTree = "<group>";
		};
/* End PBXGroup section */

/* Begin PBXNativeTarget section */
		0C5899401FB5747A00B5FEC7 /* NYU-Voice */ = {
			isa = PBXNativeTarget;
			buildConfigurationList = 0C5899531FB5747A00B5FEC7 /* Build configuration list for PBXNativeTarget "NYU-Voice" */;
			buildPhases = (
				42DF22C03DB49F44A71AE12D /* [CP] Check Pods Manifest.lock */,
				0C58993D1FB5747A00B5FEC7 /* Sources */,
				0C58993E1FB5747A00B5FEC7 /* Frameworks */,
				0C58993F1FB5747A00B5FEC7 /* Resources */,
				CDA4B4D9B983A8ACFA9551CC /* [CP] Embed Pods Frameworks */,
				344EECC18CDDC763EBB2C2B1 /* [CP] Copy Pods Resources */,
			);
			buildRules = (
			);
			dependencies = (
			);
			name = "NYU-Voice";
			productName = "NYU-Voice";
			productReference = 0C5899411FB5747A00B5FEC7 /* NYU-Voice.app */;
			productType = "com.apple.product-type.application";
		};
/* End PBXNativeTarget section */

/* Begin PBXProject section */
		0C5899391FB5747A00B5FEC7 /* Project object */ = {
			isa = PBXProject;
			attributes = {
				LastSwiftUpdateCheck = 0900;
				LastUpgradeCheck = 0900;
				ORGANIZATIONNAME = HaiyangWang;
				TargetAttributes = {
					0C5899401FB5747A00B5FEC7 = {
						CreatedOnToolsVersion = 9.0;
						ProvisioningStyle = Automatic;
					};
				};
			};
			buildConfigurationList = 0C58993C1FB5747A00B5FEC7 /* Build configuration list for PBXProject "NYU-Voice" */;
			compatibilityVersion = "Xcode 8.0";
			developmentRegion = en;
			hasScannedForEncodings = 0;
			knownRegions = (
				en,
				Base,
			);
			mainGroup = 0C5899381FB5747A00B5FEC7;
			productRefGroup = 0C5899421FB5747A00B5FEC7 /* Products */;
			projectDirPath = "";
			projectRoot = "";
			targets = (
				0C5899401FB5747A00B5FEC7 /* NYU-Voice */,
			);
		};
/* End PBXProject section */

/* Begin PBXResourcesBuildPhase section */
		0C58993F1FB5747A00B5FEC7 /* Resources */ = {
			isa = PBXResourcesBuildPhase;
			buildActionMask = 2147483647;
			files = (
				0C58994F1FB5747A00B5FEC7 /* LaunchScreen.storyboard in Resources */,
				0CBA76371FCF3ADA00CAF2E7 /* TableViewCell.xib in Resources */,
				0C58994C1FB5747A00B5FEC7 /* Assets.xcassets in Resources */,
				0C58994A1FB5747A00B5FEC7 /* Main.storyboard in Resources */,
			);
			runOnlyForDeploymentPostprocessing = 0;
		};
/* End PBXResourcesBuildPhase section */

/* Begin PBXShellScriptBuildPhase section */
		344EECC18CDDC763EBB2C2B1 /* [CP] Copy Pods Resources */ = {
			isa = PBXShellScriptBuildPhase;
			buildActionMask = 2147483647;
			files = (
			);
			inputPaths = (
			);
			name = "[CP] Copy Pods Resources";
			outputPaths = (
			);
			runOnlyForDeploymentPostprocessing = 0;
			shellPath = /bin/sh;
			shellScript = "\"${SRCROOT}/Pods/Target Support Files/Pods-NYU-Voice/Pods-NYU-Voice-resources.sh\"\n";
			showEnvVarsInLog = 0;
		};
		42DF22C03DB49F44A71AE12D /* [CP] Check Pods Manifest.lock */ = {
			isa = PBXShellScriptBuildPhase;
			buildActionMask = 2147483647;
			files = (
			);
			inputPaths = (
				"${PODS_PODFILE_DIR_PATH}/Podfile.lock",
				"${PODS_ROOT}/Manifest.lock",
			);
			name = "[CP] Check Pods Manifest.lock";
			outputPaths = (
				"$(DERIVED_FILE_DIR)/Pods-NYU-Voice-checkManifestLockResult.txt",
			);
			runOnlyForDeploymentPostprocessing = 0;
			shellPath = /bin/sh;
			shellScript = "diff \"${PODS_PODFILE_DIR_PATH}/Podfile.lock\" \"${PODS_ROOT}/Manifest.lock\" > /dev/null\nif [ $? != 0 ] ; then\n    # print error to STDERR\n    echo \"error: The sandbox is not in sync with the Podfile.lock. Run 'pod install' or update your CocoaPods installation.\" >&2\n    exit 1\nfi\n# This output is used by Xcode 'outputs' to avoid re-running this script phase.\necho \"SUCCESS\" > \"${SCRIPT_OUTPUT_FILE_0}\"\n";
			showEnvVarsInLog = 0;
		};
		CDA4B4D9B983A8ACFA9551CC /* [CP] Embed Pods Frameworks */ = {
			isa = PBXShellScriptBuildPhase;
			buildActionMask = 2147483647;
			files = (
			);
			inputPaths = (
				"${SRCROOT}/Pods/Target Support Files/Pods-NYU-Voice/Pods-NYU-Voice-frameworks.sh",
				"${BUILT_PRODUCTS_DIR}/EFAutoScrollLabel/EFAutoScrollLabel.framework",
				"${BUILT_PRODUCTS_DIR}/MarqueeLabel/MarqueeLabel.framework",
			);
			name = "[CP] Embed Pods Frameworks";
			outputPaths = (
				"${TARGET_BUILD_DIR}/${FRAMEWORKS_FOLDER_PATH}/EFAutoScrollLabel.framework",
				"${TARGET_BUILD_DIR}/${FRAMEWORKS_FOLDER_PATH}/MarqueeLabel.framework",
			);
			runOnlyForDeploymentPostprocessing = 0;
			shellPath = /bin/sh;
			shellScript = "\"${SRCROOT}/Pods/Target Support Files/Pods-NYU-Voice/Pods-NYU-Voice-frameworks.sh\"\n";
			showEnvVarsInLog = 0;
		};
/* End PBXShellScriptBuildPhase section */

/* Begin PBXSourcesBuildPhase section */
		0C58993D1FB5747A00B5FEC7 /* Sources */ = {
			isa = PBXSourcesBuildPhase;
			buildActionMask = 2147483647;
			files = (
				0C5899471FB5747A00B5FEC7 /* ViewController.swift in Sources */,
				0C0129841FC493B500186B8C /* RecordingViewController.swift in Sources */,
				0C5899451FB5747A00B5FEC7 /* AppDelegate.swift in Sources */,
				0C0129881FC4968F00186B8C /* TypingViewController.swift in Sources */,
				0C5AB4B62047585D0014AA8E /* AboutUsViewController.swift in Sources */,
				0CBA76321FCE0CE200CAF2E7 /* TextShowViewController.swift in Sources */,
				0CBA76361FCF3ADA00CAF2E7 /* TableViewCell.swift in Sources */,
				0C0129861FC4962F00186B8C /* SeconViewController.swift in Sources */,
			);
			runOnlyForDeploymentPostprocessing = 0;
		};
/* End PBXSourcesBuildPhase section */

/* Begin PBXVariantGroup section */
		0C5899481FB5747A00B5FEC7 /* Main.storyboard */ = {
			isa = PBXVariantGroup;
			children = (
				0C5899491FB5747A00B5FEC7 /* Base */,
			);
			name = Main.storyboard;
			sourceTree = "<group>";
		};
		0C58994D1FB5747A00B5FEC7 /* LaunchScreen.storyboard */ = {
			isa = PBXVariantGroup;
			children = (
				0C58994E1FB5747A00B5FEC7 /* Base */,
			);
			name = LaunchScreen.storyboard;
			sourceTree = "<group>";
		};
/* End PBXVariantGroup section */

/* Begin XCBuildConfiguration section */
		0C5899511FB5747A00B5FEC7 /* Debug */ = {
			isa = XCBuildConfiguration;
			buildSettings = {
				ALWAYS_SEARCH_USER_PATHS = NO;
				CLANG_ANALYZER_NONNULL = YES;
				CLANG_ANALYZER_NUMBER_OBJECT_CONVERSION = YES_AGGRESSIVE;
				CLANG_CXX_LANGUAGE_STANDARD = "gnu++14";
				CLANG_CXX_LIBRARY = "libc++";
				CLANG_ENABLE_MODULES = YES;
				CLANG_ENABLE_OBJC_ARC = YES;
				CLANG_WARN_BLOCK_CAPTURE_AUTORELEASING = YES;
				CLANG_WARN_BOOL_CONVERSION = YES;
				CLANG_WARN_COMMA = YES;
				CLANG_WARN_CONSTANT_CONVERSION = YES;
				CLANG_WARN_DIRECT_OBJC_ISA_USAGE = YES_ERROR;
				CLANG_WARN_DOCUMENTATION_COMMENTS = YES;
				CLANG_WARN_EMPTY_BODY = YES;
				CLANG_WARN_ENUM_CONVERSION = YES;
				CLANG_WARN_INFINITE_RECURSION = YES;
				CLANG_WARN_INT_CONVERSION = YES;
				CLANG_WARN_NON_LITERAL_NULL_CONVERSION = YES;
				CLANG_WARN_OBJC_LITERAL_CONVERSION = YES;
				CLANG_WARN_OBJC_ROOT_CLASS = YES_ERROR;
				CLANG_WARN_RANGE_LOOP_ANALYSIS = YES;
				CLANG_WARN_STRICT_PROTOTYPES = YES;
				CLANG_WARN_SUSPICIOUS_MOVE = YES;
				CLANG_WARN_UNGUARDED_AVAILABILITY = YES_AGGRESSIVE;
				CLANG_WARN_UNREACHABLE_CODE = YES;
				CLANG_WARN__DUPLICATE_METHOD_MATCH = YES;
				CODE_SIGN_IDENTITY = "iPhone Developer";
				COPY_PHASE_STRIP = NO;
				DEBUG_INFORMATION_FORMAT = dwarf;
				ENABLE_STRICT_OBJC_MSGSEND = YES;
				ENABLE_TESTABILITY = YES;
				GCC_C_LANGUAGE_STANDARD = gnu11;
				GCC_DYNAMIC_NO_PIC = NO;
				GCC_NO_COMMON_BLOCKS = YES;
				GCC_OPTIMIZATION_LEVEL = 0;
				GCC_PREPROCESSOR_DEFINITIONS = (
					"DEBUG=1",
					"$(inherited)",
				);
				GCC_WARN_64_TO_32_BIT_CONVERSION = YES;
				GCC_WARN_ABOUT_RETURN_TYPE = YES_ERROR;
				GCC_WARN_UNDECLARED_SELECTOR = YES;
				GCC_WARN_UNINITIALIZED_AUTOS = YES_AGGRESSIVE;
				GCC_WARN_UNUSED_FUNCTION = YES;
				GCC_WARN_UNUSED_VARIABLE = YES;
				IPHONEOS_DEPLOYMENT_TARGET = 11.0;
				MTL_ENABLE_DEBUG_INFO = YES;
				ONLY_ACTIVE_ARCH = YES;
				SDKROOT = iphoneos;
				SWIFT_ACTIVE_COMPILATION_CONDITIONS = DEBUG;
				SWIFT_OPTIMIZATION_LEVEL = "-Onone";
			};
			name = Debug;
		};
		0C5899521FB5747A00B5FEC7 /* Release */ = {
			isa = XCBuildConfiguration;
			buildSettings = {
				ALWAYS_SEARCH_USER_PATHS = NO;
				CLANG_ANALYZER_NONNULL = YES;
				CLANG_ANALYZER_NUMBER_OBJECT_CONVERSION = YES_AGGRESSIVE;
				CLANG_CXX_LANGUAGE_STANDARD = "gnu++14";
				CLANG_CXX_LIBRARY = "libc++";
				CLANG_ENABLE_MODULES = YES;
				CLANG_ENABLE_OBJC_ARC = YES;
				CLANG_WARN_BLOCK_CAPTURE_AUTORELEASING = YES;
				CLANG_WARN_BOOL_CONVERSION = YES;
				CLANG_WARN_COMMA = YES;
				CLANG_WARN_CONSTANT_CONVERSION = YES;
				CLANG_WARN_DIRECT_OBJC_ISA_USAGE = YES_ERROR;
				CLANG_WARN_DOCUMENTATION_COMMENTS = YES;
				CLANG_WARN_EMPTY_BODY = YES;
				CLANG_WARN_ENUM_CONVERSION = YES;
				CLANG_WARN_INFINITE_RECURSION = YES;
				CLANG_WARN_INT_CONVERSION = YES;
				CLANG_WARN_NON_LITERAL_NULL_CONVERSION = YES;
				CLANG_WARN_OBJC_LITERAL_CONVERSION = YES;
				CLANG_WARN_OBJC_ROOT_CLASS = YES_ERROR;
				CLANG_WARN_RANGE_LOOP_ANALYSIS = YES;
				CLANG_WARN_STRICT_PROTOTYPES = YES;
				CLANG_WARN_SUSPICIOUS_MOVE = YES;
				CLANG_WARN_UNGUARDED_AVAILABILITY = YES_AGGRESSIVE;
				CLANG_WARN_UNREACHABLE_CODE = YES;
				CLANG_WARN__DUPLICATE_METHOD_MATCH = YES;
				CODE_SIGN_IDENTITY = "iPhone Developer";
				COPY_PHASE_STRIP = NO;
				DEBUG_INFORMATION_FORMAT = "dwarf-with-dsym";
				ENABLE_NS_ASSERTIONS = NO;
				ENABLE_STRICT_OBJC_MSGSEND = YES;
				GCC_C_LANGUAGE_STANDARD = gnu11;
				GCC_NO_COMMON_BLOCKS = YES;
				GCC_WARN_64_TO_32_BIT_CONVERSION = YES;
				GCC_WARN_ABOUT_RETURN_TYPE = YES_ERROR;
				GCC_WARN_UNDECLARED_SELECTOR = YES;
				GCC_WARN_UNINITIALIZED_AUTOS = YES_AGGRESSIVE;
				GCC_WARN_UNUSED_FUNCTION = YES;
				GCC_WARN_UNUSED_VARIABLE = YES;
				IPHONEOS_DEPLOYMENT_TARGET = 11.0;
				MTL_ENABLE_DEBUG_INFO = NO;
				SDKROOT = iphoneos;
				SWIFT_OPTIMIZATION_LEVEL = "-Owholemodule";
				VALIDATE_PRODUCT = YES;
			};
			name = Release;
		};
		0C5899541FB5747A00B5FEC7 /* Debug */ = {
			isa = XCBuildConfiguration;
			baseConfigurationReference = 0AC40E1DDD67E3F88F869B04 /* Pods-NYU-Voice.debug.xcconfig */;
			buildSettings = {
				ASSETCATALOG_COMPILER_APPICON_NAME = AppIcon;
				CODE_SIGN_STYLE = Automatic;
				DEVELOPMENT_TEAM = K8M728ZPDT;
				FRAMEWORK_SEARCH_PATHS = "$(inherited)";
				INFOPLIST_FILE = "NYU-Voice/Info.plist";
				LD_RUNPATH_SEARCH_PATHS = "$(inherited) @executable_path/Frameworks";
				PRODUCT_BUNDLE_IDENTIFIER = "com.voice.nyu.NYU-Voice";
				PRODUCT_NAME = "$(TARGET_NAME)";
				SWIFT_VERSION = 4.0;
				TARGETED_DEVICE_FAMILY = 1;
			};
			name = Debug;
		};
		0C5899551FB5747A00B5FEC7 /* Release */ = {
			isa = XCBuildConfiguration;
			baseConfigurationReference = AC906857BFADE11BA2EFEB0F /* Pods-NYU-Voice.release.xcconfig */;
			buildSettings = {
				ASSETCATALOG_COMPILER_APPICON_NAME = AppIcon;
				CODE_SIGN_STYLE = Automatic;
				DEVELOPMENT_TEAM = K8M728ZPDT;
				FRAMEWORK_SEARCH_PATHS = "$(inherited)";
				INFOPLIST_FILE = "NYU-Voice/Info.plist";
				LD_RUNPATH_SEARCH_PATHS = "$(inherited) @executable_path/Frameworks";
				PRODUCT_BUNDLE_IDENTIFIER = "com.voice.nyu.NYU-Voice";
				PRODUCT_NAME = "$(TARGET_NAME)";
				SWIFT_VERSION = 4.0;
				TARGETED_DEVICE_FAMILY = 1;
			};
			name = Release;
		};
/* End XCBuildConfiguration section */

/* Begin XCConfigurationList section */
		0C58993C1FB5747A00B5FEC7 /* Build configuration list for PBXProject "NYU-Voice" */ = {
			isa = XCConfigurationList;
			buildConfigurations = (
				0C5899511FB5747A00B5FEC7 /* Debug */,
				0C5899521FB5747A00B5FEC7 /* Release */,
			);
			defaultConfigurationIsVisible = 0;
			defaultConfigurationName = Release;
		};
		0C5899531FB5747A00B5FEC7 /* Build configuration list for PBXNativeTarget "NYU-Voice" */ = {
			isa = XCConfigurationList;
			buildConfigurations = (
				0C5899541FB5747A00B5FEC7 /* Debug */,
				0C5899551FB5747A00B5FEC7 /* Release */,
			);
			defaultConfigurationIsVisible = 0;
			defaultConfigurationName = Release;
		};
/* End XCConfigurationList section */
	};
	rootObject = 0C5899391FB5747A00B5FEC7 /* Project object */;
}
